# This file was autogenerated by Stack.
# You should not edit this file by hand.
# For more information, please see the documentation at:
#   https://docs.haskellstack.org/en/stable/lock_files

packages:
- completed:
    hackage: file-embed-0.0.13.0@sha256:a819e90b91cab919ffef5895ab6e1b2a44eac395a585f489b0c289a4a12d1c54,1396
    pantry-tree:
      size: 477
      sha256: 6c8f71ca993658844b93a2120f2ff1536400e705890a6fbf0f4e9889ff502649
  original:
    hackage: file-embed-0.0.13.0@sha256:a819e90b91cab919ffef5895ab6e1b2a44eac395a585f489b0c289a4a12d1c54,1396
- completed:
    size: 88815
    url: https://github.com/lettier/webviewhs/archive/21ddd4b4872b2e7eb50c9735e70cfbdedf2c6c1a.tar.gz
    name: webviewhs
    version: 0.1.0.0
    sha256: 22ae32733f4d6ee9d2426bbac744738d501daff3cb3634fc8e95b8de15d3655d
    pantry-tree:
      size: 4168
      sha256: 3b13369a771be7e6b7554ae23b311f80e256c8dece6cbf69674a7c63bcedde61
  original:
    url: https://github.com/lettier/webviewhs/archive/21ddd4b4872b2e7eb50c9735e70cfbdedf2c6c1a.tar.gz
snapshots:
- completed:
    size: 533053
    url: https://raw.githubusercontent.com/commercialhaskell/stackage-snapshots/master/lts/16/28.yaml
    sha256: a9c01d860ac8dfb3a1b6f7ec4a36dd9504a95392b89c99b0877da63fa36a8e97
  original:
    url: https://raw.githubusercontent.com/commercialhaskell/stackage-snapshots/master/lts/16/28.yaml
